
Microsoft Visual Studio Solution File, Format Version 12.00
# Visual Studio 15
VisualStudioVersion = 15.0.28307.168
MinimumVisualStudioVersion = 10.0.40219.1
Project("{FAE04EC0-301F-11D3-BF4B-00C04F79EFBC}") = "TypeConversion", "TypeConversion\TypeConversion.csproj", "{F0907A7F-1E61-4D7E-AFF6-7AFFC9C0F5FE}"
EndProject
Global
	GlobalSection(SolutionConfigurationPlatforms) = preSolution
		Debug|Any CPU = Debug|Any CPU
		Release|Any CPU = Release|Any CPU
	EndGlobalSection
	GlobalSection(ProjectConfigurationPlatforms) = postSolution
		{F0907A7F-1E61-4D7E-AFF6-7AFFC9C0F5FE}.Debug|Any CPU.ActiveCfg = Debug|Any CPU
		{F0907A7F-1E61-4D7E-AFF6-7AFFC9C0F5FE}.Debug|Any CPU.Build.0 = Debug|Any CPU
		{F0907A7F-1E61-4D7E-AFF6-7AFFC9C0F5FE}.Release|Any CPU.ActiveCfg = Release|Any CPU
		{F0907A7F-1E61-4D7E-AFF6-7AFFC9C0F5FE}.Release|Any CPU.Build.0 = Release|Any CPU
	EndGlobalSection
	GlobalSection(SolutionProperties) = preSolution
		HideSolutionNode = FALSE
	EndGlobalSection
	GlobalSection(ExtensibilityGlobals) = postSolution
		SolutionGuid = {5AEB24AD-F51A-4DF6-9CD9-D2FBA199B3A6}
	EndGlobalSection
EndGlobal
